
Microsoft Visual Studio Solution File, Format Version 12.00
# Visual Studio Version 17
VisualStudioVersion = 17.4.33122.133
MinimumVisualStudioVersion = 10.0.40219.1
Project("{FAE04EC0-301F-11D3-BF4B-00C04F79EFBC}") = "ProjetoNovo", "ProjetoNovo\ProjetoNovo.csproj", "{5BFFB877-B5B8-4F81-BA61-FE9AF31A95BD}"
EndProject
Global
	GlobalSection(SolutionConfigurationPlatforms) = preSolution
		Debug|Any CPU = Debug|Any CPU
		Release|Any CPU = Release|Any CPU
	EndGlobalSection
	GlobalSection(ProjectConfigurationPlatforms) = postSolution
		{5BFFB877-B5B8-4F81-BA61-FE9AF31A95BD}.Debug|Any CPU.ActiveCfg = Debug|Any CPU
		{5BFFB877-B5B8-4F81-BA61-FE9AF31A95BD}.Debug|Any CPU.Build.0 = Debug|Any CPU
		{5BFFB877-B5B8-4F81-BA61-FE9AF31A95BD}.Release|Any CPU.ActiveCfg = Release|Any CPU
		{5BFFB877-B5B8-4F81-BA61-FE9AF31A95BD}.Release|Any CPU.Build.0 = Release|Any CPU
	EndGlobalSection
	GlobalSection(SolutionProperties) = preSolution
		HideSolutionNode = FALSE
	EndGlobalSection
	GlobalSection(ExtensibilityGlobals) = postSolution
		SolutionGuid = {01285C3B-7C07-478E-8E05-CB56D21FC24C}
	EndGlobalSection
EndGlobal
